
Microsoft Visual Studio Solution File, Format Version 12.00
# Visual Studio Version 17
VisualStudioVersion = 17.4.33213.308
MinimumVisualStudioVersion = 10.0.40219.1
Project("{9A19103F-16F7-4668-BE54-9A1E7A4F7556}") = "ConsoleApp1", "ConsoleApp1\ConsoleApp1.csproj", "{44DCD290-FAFA-4161-84B2-5E6EA911C422}"
EndProject
Project("{FAE04EC0-301F-11D3-BF4B-00C04F79EFBC}") = "Practice", "Practice\Practice.csproj", "{05439D16-19E6-4D25-944F-89C6312CA40C}"
EndProject
Global
	GlobalSection(SolutionConfigurationPlatforms) = preSolution
		Debug|Any CPU = Debug|Any CPU
		Release|Any CPU = Release|Any CPU
	EndGlobalSection
	GlobalSection(ProjectConfigurationPlatforms) = postSolution
		{44DCD290-FAFA-4161-84B2-5E6EA911C422}.Debug|Any CPU.ActiveCfg = Debug|Any CPU
		{44DCD290-FAFA-4161-84B2-5E6EA911C422}.Debug|Any CPU.Build.0 = Debug|Any CPU
		{44DCD290-FAFA-4161-84B2-5E6EA911C422}.Release|Any CPU.ActiveCfg = Release|Any CPU
		{44DCD290-FAFA-4161-84B2-5E6EA911C422}.Release|Any CPU.Build.0 = Release|Any CPU
		{05439D16-19E6-4D25-944F-89C6312CA40C}.Debug|Any CPU.ActiveCfg = Debug|Any CPU
		{05439D16-19E6-4D25-944F-89C6312CA40C}.Debug|Any CPU.Build.0 = Debug|Any CPU
		{05439D16-19E6-4D25-944F-89C6312CA40C}.Release|Any CPU.ActiveCfg = Release|Any CPU
		{05439D16-19E6-4D25-944F-89C6312CA40C}.Release|Any CPU.Build.0 = Release|Any CPU
	EndGlobalSection
	GlobalSection(SolutionProperties) = preSolution
		HideSolutionNode = FALSE
	EndGlobalSection
	GlobalSection(ExtensibilityGlobals) = postSolution
		SolutionGuid = {F0DAAC8E-294A-4462-9C78-17DC80CEC9A6}
	EndGlobalSection
EndGlobal
