
Microsoft Visual Studio Solution File, Format Version 12.00
# Visual Studio Version 17
VisualStudioVersion = 17.4.33213.308
MinimumVisualStudioVersion = 10.0.40219.1
Project("{FAE04EC0-301F-11D3-BF4B-00C04F79EFBC}") = "Delegate", "Delegate\Delegate.csproj", "{C2152D8F-05E9-479F-B159-7D5F0E23D46E}"
EndProject
Global
	GlobalSection(SolutionConfigurationPlatforms) = preSolution
		Debug|Any CPU = Debug|Any CPU
		Release|Any CPU = Release|Any CPU
	EndGlobalSection
	GlobalSection(ProjectConfigurationPlatforms) = postSolution
		{C2152D8F-05E9-479F-B159-7D5F0E23D46E}.Debug|Any CPU.ActiveCfg = Debug|Any CPU
		{C2152D8F-05E9-479F-B159-7D5F0E23D46E}.Debug|Any CPU.Build.0 = Debug|Any CPU
		{C2152D8F-05E9-479F-B159-7D5F0E23D46E}.Release|Any CPU.ActiveCfg = Release|Any CPU
		{C2152D8F-05E9-479F-B159-7D5F0E23D46E}.Release|Any CPU.Build.0 = Release|Any CPU
	EndGlobalSection
	GlobalSection(SolutionProperties) = preSolution
		HideSolutionNode = FALSE
	EndGlobalSection
	GlobalSection(ExtensibilityGlobals) = postSolution
		SolutionGuid = {86F4A64A-3025-44FC-85EB-8BB8B1A388C6}
	EndGlobalSection
EndGlobal
